
Microsoft Visual Studio Solution File, Format Version 12.00
# Visual Studio Version 17
VisualStudioVersion = 17.10.34916.146
MinimumVisualStudioVersion = 10.0.40219.1
Project("{FAE04EC0-301F-11D3-BF4B-00C04F79EFBC}") = "consoleXadrez", "consoleXadrez\consoleXadrez.csproj", "{8AA859DB-5D86-4B15-8C1C-AB590CA45354}"
EndProject
Global
	GlobalSection(SolutionConfigurationPlatforms) = preSolution
		Debug|Any CPU = Debug|Any CPU
		Release|Any CPU = Release|Any CPU
	EndGlobalSection
	GlobalSection(ProjectConfigurationPlatforms) = postSolution
		{8AA859DB-5D86-4B15-8C1C-AB590CA45354}.Debug|Any CPU.ActiveCfg = Debug|Any CPU
		{8AA859DB-5D86-4B15-8C1C-AB590CA45354}.Debug|Any CPU.Build.0 = Debug|Any CPU
		{8AA859DB-5D86-4B15-8C1C-AB590CA45354}.Release|Any CPU.ActiveCfg = Release|Any CPU
		{8AA859DB-5D86-4B15-8C1C-AB590CA45354}.Release|Any CPU.Build.0 = Release|Any CPU
	EndGlobalSection
	GlobalSection(SolutionProperties) = preSolution
		HideSolutionNode = FALSE
	EndGlobalSection
	GlobalSection(ExtensibilityGlobals) = postSolution
		SolutionGuid = {08A0DFFD-36DD-4469-9EF3-A800922ADC0C}
	EndGlobalSection
EndGlobal
